
Microsoft Visual Studio Solution File, Format Version 12.00
# Visual Studio Version 16
VisualStudioVersion = 16.0.32106.194
MinimumVisualStudioVersion = 10.0.40219.1
Project("{FAE04EC0-301F-11D3-BF4B-00C04F79EFBC}") = "day4", "day4\day4.csproj", "{A6C07F1C-DD1C-45BB-9A80-59C7C907642C}"
EndProject
Global
	GlobalSection(SolutionConfigurationPlatforms) = preSolution
		Debug|Any CPU = Debug|Any CPU
		Release|Any CPU = Release|Any CPU
	EndGlobalSection
	GlobalSection(ProjectConfigurationPlatforms) = postSolution
		{A6C07F1C-DD1C-45BB-9A80-59C7C907642C}.Debug|Any CPU.ActiveCfg = Debug|Any CPU
		{A6C07F1C-DD1C-45BB-9A80-59C7C907642C}.Debug|Any CPU.Build.0 = Debug|Any CPU
		{A6C07F1C-DD1C-45BB-9A80-59C7C907642C}.Release|Any CPU.ActiveCfg = Release|Any CPU
		{A6C07F1C-DD1C-45BB-9A80-59C7C907642C}.Release|Any CPU.Build.0 = Release|Any CPU
	EndGlobalSection
	GlobalSection(SolutionProperties) = preSolution
		HideSolutionNode = FALSE
	EndGlobalSection
	GlobalSection(ExtensibilityGlobals) = postSolution
		SolutionGuid = {1E8A7F26-AB4E-4533-928F-8AECC3A19402}
	EndGlobalSection
EndGlobal
